
Microsoft Visual Studio Solution File, Format Version 12.00
# Visual Studio Version 16
VisualStudioVersion = 16.0.30804.86
MinimumVisualStudioVersion = 10.0.40219.1
Project("{FAE04EC0-301F-11D3-BF4B-00C04F79EFBC}") = "Website", "ClassicASPWebsite\Website.csproj", "{C5AD0F8F-3979-4237-9943-610255A9F7FD}"
EndProject
Global
	GlobalSection(SolutionConfigurationPlatforms) = preSolution
		Debug|Any CPU = Debug|Any CPU
		Release|Any CPU = Release|Any CPU
	EndGlobalSection
	GlobalSection(ProjectConfigurationPlatforms) = postSolution
		{C5AD0F8F-3979-4237-9943-610255A9F7FD}.Debug|Any CPU.ActiveCfg = Debug|Any CPU
		{C5AD0F8F-3979-4237-9943-610255A9F7FD}.Debug|Any CPU.Build.0 = Debug|Any CPU
		{C5AD0F8F-3979-4237-9943-610255A9F7FD}.Release|Any CPU.ActiveCfg = Release|Any CPU
		{C5AD0F8F-3979-4237-9943-610255A9F7FD}.Release|Any CPU.Build.0 = Release|Any CPU
	EndGlobalSection
	GlobalSection(SolutionProperties) = preSolution
		HideSolutionNode = FALSE
	EndGlobalSection
	GlobalSection(ExtensibilityGlobals) = postSolution
		SolutionGuid = {5B0F653B-0EC7-433B-8759-7FA7F985DE78}
	EndGlobalSection
EndGlobal
