
Microsoft Visual Studio Solution File, Format Version 12.00
# Visual Studio Version 16
VisualStudioVersion = 16.0.30804.86
MinimumVisualStudioVersion = 10.0.40219.1
Project("{FAE04EC0-301F-11D3-BF4B-00C04F79EFBC}") = "Volusion.V1.Website", "ClassicASPWebsite\Volusion.V1.Website.csproj", "{C5AD0F8F-3979-4237-9943-610255A9F7FD}"
EndProject
Project("{9092AA53-FB77-4645-B42D-1CCCA6BD08BD}") = "Volusion.V2.NodeJs.Services", "V2-Node-Services\Volusion.V2.NodeJs.Services.njsproj", "{958DFFC1-0302-44E6-8B68-C0BB0E79256B}"
EndProject
Project("{FAE04EC0-301F-11D3-BF4B-00C04F79EFBC}") = "Volusion.MigrationServices", "MigrationServices\Volusion.MigrationServices.csproj", "{A1EB15DA-6367-4DC6-AD5A-CE5E45B1D135}"
EndProject
Project("{FAE04EC0-301F-11D3-BF4B-00C04F79EFBC}") = "Volusion.Utilities", "ClassLibraries\Volusion.Utilities.csproj", "{12A59C33-F1DF-46F6-8820-C8BF7F8209D9}"
EndProject
Project("{FAE04EC0-301F-11D3-BF4B-00C04F79EFBC}") = "Volusion.Data.Repositories", "Repositories\Volusion.Data.Repositories.csproj", "{13322803-4F0D-4D9B-A889-0DEC7B285B99}"
EndProject
Project("{FAE04EC0-301F-11D3-BF4B-00C04F79EFBC}") = "Volusion.Data.Models", "Volusion.Data.Models\Volusion.Data.Models.csproj", "{6B6FBE03-2DFB-4C2F-ACA3-057BC2F48FDE}"
EndProject
Global
	GlobalSection(SolutionConfigurationPlatforms) = preSolution
		Debug|Any CPU = Debug|Any CPU
		Release|Any CPU = Release|Any CPU
	EndGlobalSection
	GlobalSection(ProjectConfigurationPlatforms) = postSolution
		{C5AD0F8F-3979-4237-9943-610255A9F7FD}.Debug|Any CPU.ActiveCfg = Debug|Any CPU
		{C5AD0F8F-3979-4237-9943-610255A9F7FD}.Debug|Any CPU.Build.0 = Debug|Any CPU
		{C5AD0F8F-3979-4237-9943-610255A9F7FD}.Release|Any CPU.ActiveCfg = Release|Any CPU
		{C5AD0F8F-3979-4237-9943-610255A9F7FD}.Release|Any CPU.Build.0 = Release|Any CPU
		{958DFFC1-0302-44E6-8B68-C0BB0E79256B}.Debug|Any CPU.ActiveCfg = Debug|Any CPU
		{958DFFC1-0302-44E6-8B68-C0BB0E79256B}.Debug|Any CPU.Build.0 = Debug|Any CPU
		{958DFFC1-0302-44E6-8B68-C0BB0E79256B}.Release|Any CPU.ActiveCfg = Release|Any CPU
		{958DFFC1-0302-44E6-8B68-C0BB0E79256B}.Release|Any CPU.Build.0 = Release|Any CPU
		{A1EB15DA-6367-4DC6-AD5A-CE5E45B1D135}.Debug|Any CPU.ActiveCfg = Debug|Any CPU
		{A1EB15DA-6367-4DC6-AD5A-CE5E45B1D135}.Debug|Any CPU.Build.0 = Debug|Any CPU
		{A1EB15DA-6367-4DC6-AD5A-CE5E45B1D135}.Release|Any CPU.ActiveCfg = Release|Any CPU
		{A1EB15DA-6367-4DC6-AD5A-CE5E45B1D135}.Release|Any CPU.Build.0 = Release|Any CPU
		{12A59C33-F1DF-46F6-8820-C8BF7F8209D9}.Debug|Any CPU.ActiveCfg = Debug|Any CPU
		{12A59C33-F1DF-46F6-8820-C8BF7F8209D9}.Debug|Any CPU.Build.0 = Debug|Any CPU
		{12A59C33-F1DF-46F6-8820-C8BF7F8209D9}.Release|Any CPU.ActiveCfg = Release|Any CPU
		{12A59C33-F1DF-46F6-8820-C8BF7F8209D9}.Release|Any CPU.Build.0 = Release|Any CPU
		{13322803-4F0D-4D9B-A889-0DEC7B285B99}.Debug|Any CPU.ActiveCfg = Debug|Any CPU
		{13322803-4F0D-4D9B-A889-0DEC7B285B99}.Debug|Any CPU.Build.0 = Debug|Any CPU
		{13322803-4F0D-4D9B-A889-0DEC7B285B99}.Release|Any CPU.ActiveCfg = Release|Any CPU
		{13322803-4F0D-4D9B-A889-0DEC7B285B99}.Release|Any CPU.Build.0 = Release|Any CPU
		{6B6FBE03-2DFB-4C2F-ACA3-057BC2F48FDE}.Debug|Any CPU.ActiveCfg = Debug|Any CPU
		{6B6FBE03-2DFB-4C2F-ACA3-057BC2F48FDE}.Debug|Any CPU.Build.0 = Debug|Any CPU
		{6B6FBE03-2DFB-4C2F-ACA3-057BC2F48FDE}.Release|Any CPU.ActiveCfg = Release|Any CPU
		{6B6FBE03-2DFB-4C2F-ACA3-057BC2F48FDE}.Release|Any CPU.Build.0 = Release|Any CPU
	EndGlobalSection
	GlobalSection(SolutionProperties) = preSolution
		HideSolutionNode = FALSE
	EndGlobalSection
	GlobalSection(ExtensibilityGlobals) = postSolution
		SolutionGuid = {5B0F653B-0EC7-433B-8759-7FA7F985DE78}
	EndGlobalSection
EndGlobal
